// !$*UTF8*$!
{
	archiveVersion = 1;
	classes = {
	};
	objectVersion = 77;
	objects = {

/* Begin PBXBuildFile section */
		064266CA67FABA98603E9EA9 /* ContentView.swift in Sources */ = {isa = PBXBuildFile; fileRef = DB4D0474BC0ECB427A243934 /* ContentView.swift */; };
		0F057BC6C8A12D5871E1ACBB /* TomerAIApp.swift in Sources */ = {isa = PBXBuildFile; fileRef = F711C73C238EA15984741792 /* TomerAIApp.swift */; };
		2A53EA58CDF7EDDE951668AC /* AudioRecorder.swift in Sources */ = {isa = PBXBuildFile; fileRef = B1A87D5417E2ECAEF14BEF62 /* AudioRecorder.swift */; };
		6C996D4687E51762D24A3469 /* AudioPlayer.swift in Sources */ = {isa = PBXBuildFile; fileRef = 73865200D027569C75101106 /* AudioPlayer.swift */; };
		A477914ABA4BA2E3AE2CA53D /* APIService.swift in Sources */ = {isa = PBXBuildFile; fileRef = CF4C49DA59B6EA449C6AD32B /* APIService.swift */; };
		FC51BA6FA3375B15BA02510E /* ChatViewModel.swift in Sources */ = {isa = PBXBuildFile; fileRef = B4527FFB641B6DF95D51DA7E /* ChatViewModel.swift */; };
/* End PBXBuildFile section */

/* Begin PBXFileReference section */
		73865200D027569C75101106 /* AudioPlayer.swift */ = {isa = PBXFileReference; lastKnownFileType = sourcecode.swift; path = AudioPlayer.swift; sourceTree = "<group>"; };
		B1A87D5417E2ECAEF14BEF62 /* AudioRecorder.swift */ = {isa = PBXFileReference; lastKnownFileType = sourcecode.swift; path = AudioRecorder.swift; sourceTree = "<group>"; };
		B4527FFB641B6DF95D51DA7E /* ChatViewModel.swift */ = {isa = PBXFileReference; lastKnownFileType = sourcecode.swift; path = ChatViewModel.swift; sourceTree = "<group>"; };
		CF4C49DA59B6EA449C6AD32B /* APIService.swift */ = {isa = PBXFileReference; lastKnownFileType = sourcecode.swift; path = APIService.swift; sourceTree = "<group>"; };
		DB4D0474BC0ECB427A243934 /* ContentView.swift */ = {isa = PBXFileReference; lastKnownFileType = sourcecode.swift; path = ContentView.swift; sourceTree = "<group>"; };
		F711C73C238EA15984741792 /* TomerAIApp.swift */ = {isa = PBXFileReference; lastKnownFileType = sourcecode.swift; path = TomerAIApp.swift; sourceTree = "<group>"; };
		FD2961F9575C7FE27F77377F /* TomerAI.app */ = {isa = PBXFileReference; explicitFileType = wrapper.application; includeInIndex = 0; path = TomerAI.app; sourceTree = BUILT_PRODUCTS_DIR; };
/* End PBXFileReference section */

/* Begin PBXGroup section */
		23EE440D7A535717D3ED697E /* Products */ = {
			isa = PBXGroup;
			children = (
				FD2961F9575C7FE27F77377F /* TomerAI.app */,
			);
			name = Products;
			sourceTree = "<group>";
		};
		7DDC8CDDB39AAE70227ABAD2 = {
			isa = PBXGroup;
			children = (
				D7BF16FCB7FD4665A0DBDC89 /* Sources */,
				23EE440D7A535717D3ED697E /* Products */,
			);
			sourceTree = "<group>";
		};
		D7BF16FCB7FD4665A0DBDC89 /* Sources */ = {
			isa = PBXGroup;
			children = (
				CF4C49DA59B6EA449C6AD32B /* APIService.swift */,
				73865200D027569C75101106 /* AudioPlayer.swift */,
				B1A87D5417E2ECAEF14BEF62 /* AudioRecorder.swift */,
				B4527FFB641B6DF95D51DA7E /* ChatViewModel.swift */,
				DB4D0474BC0ECB427A243934 /* ContentView.swift */,
				F711C73C238EA15984741792 /* TomerAIApp.swift */,
			);
			name = Sources;
			path = TomerAI/Sources;
			sourceTree = "<group>";
		};
/* End PBXGroup section */

/* Begin PBXNativeTarget section */
		0818D2BC39611CD412F7E6E1 /* TomerAI */ = {
			isa = PBXNativeTarget;
			buildConfigurationList = 2326373BC2CF5BFCE1B0F3B6 /* Build configuration list for PBXNativeTarget "TomerAI" */;
			buildPhases = (
				539C76308AE80419BBB897A4 /* Sources */,
			);
			buildRules = (
			);
			dependencies = (
			);
			name = TomerAI;
			packageProductDependencies = (
			);
			productName = TomerAI;
			productReference = FD2961F9575C7FE27F77377F /* TomerAI.app */;
			productType = "com.apple.product-type.application";
		};
/* End PBXNativeTarget section */

/* Begin PBXProject section */
		584D3A2804D7958FFB71A62F /* Project object */ = {
			isa = PBXProject;
			attributes = {
				BuildIndependentTargetsInParallel = YES;
				LastUpgradeCheck = 1430;
				TargetAttributes = {
					0818D2BC39611CD412F7E6E1 = {
						ProvisioningStyle = Automatic;
					};
				};
			};
			buildConfigurationList = 2BB503FDF78E841AA738F06A /* Build configuration list for PBXProject "TomerAI" */;
			developmentRegion = en;
			hasScannedForEncodings = 0;
			knownRegions = (
				Base,
				en,
			);
			mainGroup = 7DDC8CDDB39AAE70227ABAD2;
			minimizedProjectReferenceProxies = 1;
			preferredProjectObjectVersion = 77;
			productRefGroup = 23EE440D7A535717D3ED697E /* Products */;
			projectDirPath = "";
			projectRoot = "";
			targets = (
				0818D2BC39611CD412F7E6E1 /* TomerAI */,
			);
		};
/* End PBXProject section */

/* Begin PBXSourcesBuildPhase section */
		539C76308AE80419BBB897A4 /* Sources */ = {
			isa = PBXSourcesBuildPhase;
			buildActionMask = 2147483647;
			files = (
				A477914ABA4BA2E3AE2CA53D /* APIService.swift in Sources */,
				6C996D4687E51762D24A3469 /* AudioPlayer.swift in Sources */,
				2A53EA58CDF7EDDE951668AC /* AudioRecorder.swift in Sources */,
				FC51BA6FA3375B15BA02510E /* ChatViewModel.swift in Sources */,
				064266CA67FABA98603E9EA9 /* ContentView.swift in Sources */,
				0F057BC6C8A12D5871E1ACBB /* TomerAIApp.swift in Sources */,
			);
			runOnlyForDeploymentPostprocessing = 0;
		};
/* End PBXSourcesBuildPhase section */

/* Begin XCBuildConfiguration section */
		429E4406184ED7D44836A216 /* Debug */ = {
			isa = XCBuildConfiguration;
			buildSettings = {
				ASSETCATALOG_COMPILER_APPICON_NAME = AppIcon;
				CODE_SIGN_IDENTITY = "Apple Development";
				CODE_SIGN_STYLE = Automatic;
				DEVELOPMENT_TEAM = RTGNTF2NJL;
				ENABLE_PREVIEWS = YES;
				INFOPLIST_FILE = TomerAI/Info.plist;
				LD_RUNPATH_SEARCH_PATHS = (
					"$(inherited)",
					"@executable_path/Frameworks",
				);
				PRODUCT_BUNDLE_IDENTIFIER = com.example.TomerAI;
				SDKROOT = iphoneos;
				SUPPORTED_PLATFORMS = "iphoneos iphonesimulator macosx";
				SUPPORTS_MACCATALYST = NO;
				SUPPORTS_MAC_DESIGNED_FOR_IPHONE_IPAD = NO;
				SUPPORTS_XR_DESIGNED_FOR_IPHONE_IPAD = YES;
				TARGETED_DEVICE_FAMILY = "1,2";
			};
			name = Debug;
		};
		9C5F21B1FB78D2F5C04F138B /* Debug */ = {
			isa = XCBuildConfiguration;
			buildSettings = {
				ALWAYS_SEARCH_USER_PATHS = NO;
				CLANG_ANALYZER_NONNULL = YES;
				CLANG_ANALYZER_NUMBER_OBJECT_CONVERSION = YES_AGGRESSIVE;
				CLANG_CXX_LANGUAGE_STANDARD = "gnu++14";
				CLANG_CXX_LIBRARY = "libc++";
				CLANG_ENABLE_MODULES = YES;
				CLANG_ENABLE_OBJC_ARC = YES;
				CLANG_ENABLE_OBJC_WEAK = YES;
				CLANG_WARN_BLOCK_CAPTURE_AUTORELEASING = YES;
				CLANG_WARN_BOOL_CONVERSION = YES;
				CLANG_WARN_COMMA = YES;
				CLANG_WARN_CONSTANT_CONVERSION = YES;
				CLANG_WARN_DEPRECATED_OBJC_IMPLEMENTATIONS = YES;
				CLANG_WARN_DIRECT_OBJC_ISA_USAGE = YES_ERROR;
				CLANG_WARN_DOCUMENTATION_COMMENTS = YES;
				CLANG_WARN_EMPTY_BODY = YES;
				CLANG_WARN_ENUM_CONVERSION = YES;
				CLANG_WARN_INFINITE_RECURSION = YES;
				CLANG_WARN_INT_CONVERSION = YES;
				CLANG_WARN_NON_LITERAL_NULL_CONVERSION = YES;
				CLANG_WARN_OBJC_IMPLICIT_RETAIN_SELF = YES;
				CLANG_WARN_OBJC_LITERAL_CONVERSION = YES;
				CLANG_WARN_OBJC_ROOT_CLASS = YES_ERROR;
				CLANG_WARN_QUOTED_INCLUDE_IN_FRAMEWORK_HEADER = YES;
				CLANG_WARN_RANGE_LOOP_ANALYSIS = YES;
				CLANG_WARN_STRICT_PROTOTYPES = YES;
				CLANG_WARN_SUSPICIOUS_MOVE = YES;
				CLANG_WARN_UNGUARDED_AVAILABILITY = YES_AGGRESSIVE;
				CLANG_WARN_UNREACHABLE_CODE = YES;
				CLANG_WARN__DUPLICATE_METHOD_MATCH = YES;
				COPY_PHASE_STRIP = NO;
				DEBUG_INFORMATION_FORMAT = dwarf;
				ENABLE_STRICT_OBJC_MSGSEND = YES;
				ENABLE_TESTABILITY = YES;
				GCC_C_LANGUAGE_STANDARD = gnu11;
				GCC_DYNAMIC_NO_PIC = NO;
				GCC_NO_COMMON_BLOCKS = YES;
				GCC_OPTIMIZATION_LEVEL = 0;
				GCC_PREPROCESSOR_DEFINITIONS = (
					"$(inherited)",
					"DEBUG=1",
				);
				GCC_WARN_64_TO_32_BIT_CONVERSION = YES;
				GCC_WARN_ABOUT_RETURN_TYPE = YES_ERROR;
				GCC_WARN_UNDECLARED_SELECTOR = YES;
				GCC_WARN_UNINITIALIZED_AUTOS = YES_AGGRESSIVE;
				GCC_WARN_UNUSED_FUNCTION = YES;
				GCC_WARN_UNUSED_VARIABLE = YES;
				MTL_ENABLE_DEBUG_INFO = INCLUDE_SOURCE;
				MTL_FAST_MATH = YES;
				ONLY_ACTIVE_ARCH = YES;
				PRODUCT_NAME = "$(TARGET_NAME)";
				SDKROOT = iphoneos;
				SWIFT_ACTIVE_COMPILATION_CONDITIONS = DEBUG;
				SWIFT_OPTIMIZATION_LEVEL = "-Onone";
				SWIFT_VERSION = 5.0;
			};
			name = Debug;
		};
		B2B3FD84C36B9E48C693F520 /* Release */ = {
			isa = XCBuildConfiguration;
			buildSettings = {
				ASSETCATALOG_COMPILER_APPICON_NAME = AppIcon;
				CODE_SIGN_IDENTITY = "Apple Development";
				CODE_SIGN_STYLE = Automatic;
				DEVELOPMENT_TEAM = RTGNTF2NJL;
				ENABLE_PREVIEWS = YES;
				INFOPLIST_FILE = TomerAI/Info.plist;
				LD_RUNPATH_SEARCH_PATHS = (
					"$(inherited)",
					"@executable_path/Frameworks",
				);
				PRODUCT_BUNDLE_IDENTIFIER = com.example.TomerAI;
				SDKROOT = iphoneos;
				SUPPORTED_PLATFORMS = "iphoneos iphonesimulator macosx";
				SUPPORTS_MACCATALYST = NO;
				SUPPORTS_MAC_DESIGNED_FOR_IPHONE_IPAD = NO;
				SUPPORTS_XR_DESIGNED_FOR_IPHONE_IPAD = YES;
				TARGETED_DEVICE_FAMILY = "1,2";
			};
			name = Release;
		};
		C7F8490E6F0DBF4C305F4408 /* Release */ = {
			isa = XCBuildConfiguration;
			buildSettings = {
				ALWAYS_SEARCH_USER_PATHS = NO;
				CLANG_ANALYZER_NONNULL = YES;
				CLANG_ANALYZER_NUMBER_OBJECT_CONVERSION = YES_AGGRESSIVE;
				CLANG_CXX_LANGUAGE_STANDARD = "gnu++14";
				CLANG_CXX_LIBRARY = "libc++";
				CLANG_ENABLE_MODULES = YES;
				CLANG_ENABLE_OBJC_ARC = YES;
				CLANG_ENABLE_OBJC_WEAK = YES;
				CLANG_WARN_BLOCK_CAPTURE_AUTORELEASING = YES;
				CLANG_WARN_BOOL_CONVERSION = YES;
				CLANG_WARN_COMMA = YES;
				CLANG_WARN_CONSTANT_CONVERSION = YES;
				CLANG_WARN_DEPRECATED_OBJC_IMPLEMENTATIONS = YES;
				CLANG_WARN_DIRECT_OBJC_ISA_USAGE = YES_ERROR;
				CLANG_WARN_DOCUMENTATION_COMMENTS = YES;
				CLANG_WARN_EMPTY_BODY = YES;
				CLANG_WARN_ENUM_CONVERSION = YES;
				CLANG_WARN_INFINITE_RECURSION = YES;
				CLANG_WARN_INT_CONVERSION = YES;
				CLANG_WARN_NON_LITERAL_NULL_CONVERSION = YES;
				CLANG_WARN_OBJC_IMPLICIT_RETAIN_SELF = YES;
				CLANG_WARN_OBJC_LITERAL_CONVERSION = YES;
				CLANG_WARN_OBJC_ROOT_CLASS = YES_ERROR;
				CLANG_WARN_QUOTED_INCLUDE_IN_FRAMEWORK_HEADER = YES;
				CLANG_WARN_RANGE_LOOP_ANALYSIS = YES;
				CLANG_WARN_STRICT_PROTOTYPES = YES;
				CLANG_WARN_SUSPICIOUS_MOVE = YES;
				CLANG_WARN_UNGUARDED_AVAILABILITY = YES_AGGRESSIVE;
				CLANG_WARN_UNREACHABLE_CODE = YES;
				CLANG_WARN__DUPLICATE_METHOD_MATCH = YES;
				COPY_PHASE_STRIP = NO;
				DEBUG_INFORMATION_FORMAT = "dwarf-with-dsym";
				ENABLE_NS_ASSERTIONS = NO;
				ENABLE_STRICT_OBJC_MSGSEND = YES;
				GCC_C_LANGUAGE_STANDARD = gnu11;
				GCC_NO_COMMON_BLOCKS = YES;
				GCC_WARN_64_TO_32_BIT_CONVERSION = YES;
				GCC_WARN_ABOUT_RETURN_TYPE = YES_ERROR;
				GCC_WARN_UNDECLARED_SELECTOR = YES;
				GCC_WARN_UNINITIALIZED_AUTOS = YES_AGGRESSIVE;
				GCC_WARN_UNUSED_FUNCTION = YES;
				GCC_WARN_UNUSED_VARIABLE = YES;
				MTL_ENABLE_DEBUG_INFO = NO;
				MTL_FAST_MATH = YES;
				PRODUCT_NAME = "$(TARGET_NAME)";
				SDKROOT = iphoneos;
				SWIFT_COMPILATION_MODE = wholemodule;
				SWIFT_OPTIMIZATION_LEVEL = "-O";
				SWIFT_VERSION = 5.0;
			};
			name = Release;
		};
/* End XCBuildConfiguration section */

/* Begin XCConfigurationList section */
		2326373BC2CF5BFCE1B0F3B6 /* Build configuration list for PBXNativeTarget "TomerAI" */ = {
			isa = XCConfigurationList;
			buildConfigurations = (
				429E4406184ED7D44836A216 /* Debug */,
				B2B3FD84C36B9E48C693F520 /* Release */,
			);
			defaultConfigurationIsVisible = 0;
			defaultConfigurationName = Debug;
		};
		2BB503FDF78E841AA738F06A /* Build configuration list for PBXProject "TomerAI" */ = {
			isa = XCConfigurationList;
			buildConfigurations = (
				9C5F21B1FB78D2F5C04F138B /* Debug */,
				C7F8490E6F0DBF4C305F4408 /* Release */,
			);
			defaultConfigurationIsVisible = 0;
			defaultConfigurationName = Debug;
		};
/* End XCConfigurationList section */
	};
	rootObject = 584D3A2804D7958FFB71A62F /* Project object */;
}
